{
  "nodes": {
    "nixpkgs": {
      "locked": {
        "lastModified": 1594812787,
        "narHash": "sha256-Frx8SJIZ8gswJ0p4D2B9Rd/k4b//xW4UiSN6vyhNQSw=",
        "owner": "NixOS",
        "repo": "nixpkgs",
        "rev": "dabbc5a5603947a6de69104c830a95691921d791",
        "type": "github"
      },
      "original": {
        "owner": "NixOS",
        "ref": "nixos-20.03",
        "repo": "nixpkgs",
        "type": "github"
      }
    },
    "root": {
      "inputs": {
        "nixpkgs": "nixpkgs"
      }
    }
  },
  "root": "root",
  "version": 7
}
