{
  "version": 4,
  "terraform_version": "0.12.2",
  "serial": 1,
  "lineage": "b5c3f780-7fcd-2e80-cb90-dc689a09dcbe",
  "outputs": {},
  "resources": [
    {
      "module": "module.backend",
      "mode": "managed",
      "type": "aws_s3_bucket",
      "name": "tf-state",
      "provider": "provider.aws",
      "instances": [
        {
          "schema_version": 0,
          "attributes": {
            "acceleration_status": "",
            "acl": null,
            "arn": "arn:aws:s3:::future-is-comming-local-eu-west-2-state",
            "bucket": "future-is-comming-local-eu-west-2-state",
            "bucket_domain_name": "future-is-comming-local-eu-west-2-state.s3.amazonaws.com",
            "bucket_prefix": null,
            "bucket_regional_domain_name": "future-is-comming-local-eu-west-2-state.s3.eu-west-2.amazonaws.com",
            "cors_rule": [],
            "force_destroy": null,
            "hosted_zone_id": "Z3GKZC51ZF0DB4",
            "id": "future-is-comming-local-eu-west-2-state",
            "lifecycle_rule": [],
            "logging": [],
            "object_lock_configuration": [],
            "policy": null,
            "region": "eu-west-2",
            "replication_configuration": [],
            "request_payer": "BucketOwner",
            "server_side_encryption_configuration": [],
            "tags": {
              "Env": "local",
              "Name": "Terraform State Lock Bucket",
              "Owner": "damian.baar@wipro.com",
              "Project Name": "future-is-comming"
            },
            "versioning": [
              {
                "enabled": true,
                "mfa_delete": false
              }
            ],
            "website": [],
            "website_domain": null,
            "website_endpoint": null
          }
        }
      ]
    }
  ]
}
